FORGE
  remote: https://forgeapi.puppetlabs.com
  specs:
    datacentred-ldap (0.3.0)
      puppetlabs-stdlib (~> 4.0)
    herculesteam-augeasproviders_core (2.1.1)
      puppetlabs-stdlib (< 5.0.0, >= 3.2.0)
    herculesteam-augeasproviders_shellvar (2.1.1)
      herculesteam-augeasproviders_core (< 3.0.0, >= 2.1.0)
    nanliu-staging (1.0.3)
    puppetlabs-apache (1.4.1)
      puppetlabs-concat (< 2.0.0, >= 1.1.1)
      puppetlabs-stdlib (< 5.0.0, >= 2.4.0)
    puppetlabs-apt (2.0.1)
      puppetlabs-stdlib (>= 4.5.0)
    puppetlabs-concat (1.2.2)
      puppetlabs-stdlib (< 5.0.0, >= 3.2.0)
    puppetlabs-firewall (1.5.0)
    puppetlabs-haproxy (1.2.0)
      puppetlabs-concat (< 2.0.0, >= 1.1.0)
      puppetlabs-stdlib (< 5.0.0, >= 2.4.0)
    puppetlabs-nodejs (0.8.0)
      puppetlabs-stdlib (< 5.0.0, >= 2.2.1)
    puppetlabs-stdlib (4.6.0)
    puppetlabs-tomcat (1.2.0)
      nanliu-staging (>= 0.4.1)
      puppetlabs-concat (>= 1.0.4)
      puppetlabs-stdlib (>= 4.2.0)
    stahnma-epel (1.0.2)

GIT
  remote: git://github.com/Aethylred/puppet-shibboleth.git
  ref: master
  sha: d5bdfdc7f681ca1aa8bcd16a3478bba250497b52
  specs:
    Aethylred-shibboleth (0.1.3)

GIT
  remote: git://github.com/echocat/puppet-graphite.git
  ref: master
  sha: d1a4016acab55eec69ee9ad69d2512746e931853
  specs:
    echocat-graphite (5.12.0)
      puppetlabs-stdlib (>= 3.2.0)

GIT
  remote: git://github.com/justindowning/puppet-statsd.git
  ref: master
  sha: 304c84e2e7a7c2dd61fb190703eb6cd34d3a5e82
  specs:
    justindowning-statsd (2.4.0)
      puppetlabs-nodejs (>= 0)
      puppetlabs-stdlib (< 5.0.0, >= 0, >= 4.1.0)
      stahnma-epel (< 2.0.0, > 1.0.0, >= 0)

GIT
  remote: git://github.com/pdxcat/puppet-module-collectd.git
  ref: master
  sha: 6a9f9492af6a3a59b74f043ce6bb8227909224b2
  specs:
    pdxcat-collectd (3.3.0)
      puppetlabs-concat (>= 1.0.4)
      puppetlabs-stdlib (>= 3.0.0)

DEPENDENCIES
  Aethylred-shibboleth (>= 0)
  datacentred-ldap (>= 0)
  echocat-graphite (>= 0)
  herculesteam-augeasproviders_core (>= 0)
  herculesteam-augeasproviders_shellvar (>= 0)
  justindowning-statsd (>= 0)
  pdxcat-collectd (>= 0)
  puppetlabs-apache (>= 0)
  puppetlabs-apt (>= 0)
  puppetlabs-concat (>= 0)
  puppetlabs-firewall (>= 0)
  puppetlabs-haproxy (>= 0)
  puppetlabs-nodejs (>= 0)
  puppetlabs-stdlib (>= 0)
  puppetlabs-tomcat (>= 0)

